// !$*UTF8*$!
{
	archiveVersion = 1;
	classes = {
	};
	objectVersion = 55;
	objects = {

/* Begin PBXBuildFile section */
		17271908297851C50042ADBA /* ShakeyBellView.swift in Sources */ = {isa = PBXBuildFile; fileRef = 17271907297851C50042ADBA /* ShakeyBellView.swift */; };
		177FC1B428B77313008EB347 /* AccountSummaryCell.swift in Sources */ = {isa = PBXBuildFile; fileRef = 177FC1B328B77313008EB347 /* AccountSummaryCell.swift */; };
		17943C6928B50F8A009256E7 /* UIViewController+Utils.swift in Sources */ = {isa = PBXBuildFile; fileRef = 17943C6828B50F8A009256E7 /* UIViewController+Utils.swift */; };
		17943C6B28B5115D009256E7 /* MainViewController.swift in Sources */ = {isa = PBXBuildFile; fileRef = 17943C6A28B5115D009256E7 /* MainViewController.swift */; };
		17943C6E28B526FC009256E7 /* AccountSummaryViewController.swift in Sources */ = {isa = PBXBuildFile; fileRef = 17943C6D28B526FC009256E7 /* AccountSummaryViewController.swift */; };
		17943C7028B52A31009256E7 /* AccountSummaryHeaderView.swift in Sources */ = {isa = PBXBuildFile; fileRef = 17943C6F28B52A31009256E7 /* AccountSummaryHeaderView.swift */; };
		17943C7228B52A93009256E7 /* AccountSummaryHeaderView.xib in Resources */ = {isa = PBXBuildFile; fileRef = 17943C7128B52A93009256E7 /* AccountSummaryHeaderView.xib */; };
		17A4BAEF28A3F5B500A66016 /* AppDelegate.swift in Sources */ = {isa = PBXBuildFile; fileRef = 17A4BAEE28A3F5B500A66016 /* AppDelegate.swift */; };
		17A4BAF328A3F5B500A66016 /* LoginViewController.swift in Sources */ = {isa = PBXBuildFile; fileRef = 17A4BAF228A3F5B500A66016 /* LoginViewController.swift */; };
		17A4BAF828A3F5B900A66016 /* Assets.xcassets in Resources */ = {isa = PBXBuildFile; fileRef = 17A4BAF728A3F5B900A66016 /* Assets.xcassets */; };
		17A4BAFB28A3F5B900A66016 /* LaunchScreen.storyboard in Resources */ = {isa = PBXBuildFile; fileRef = 17A4BAF928A3F5B900A66016 /* LaunchScreen.storyboard */; };
		17A4BB0528A4078D00A66016 /* LoginView.swift in Sources */ = {isa = PBXBuildFile; fileRef = 17A4BB0428A4078D00A66016 /* LoginView.swift */; };
		17DA297428B2426300B40434 /* OnboardingContainerViewController.swift in Sources */ = {isa = PBXBuildFile; fileRef = 17DA297328B2426300B40434 /* OnboardingContainerViewController.swift */; };
		17DA297628B25C5200B40434 /* OnboardingViewController.swift in Sources */ = {isa = PBXBuildFile; fileRef = 17DA297528B25C5200B40434 /* OnboardingViewController.swift */; };
		17DA297828B2822500B40434 /* DummyViewController.swift in Sources */ = {isa = PBXBuildFile; fileRef = 17DA297728B2822500B40434 /* DummyViewController.swift */; };
		17DA297B28B28A6B00B40434 /* LocalState.swift in Sources */ = {isa = PBXBuildFile; fileRef = 17DA297A28B28A6B00B40434 /* LocalState.swift */; };
		17F4BF52297BF10D005518A0 /* Date+Utils.swift in Sources */ = {isa = PBXBuildFile; fileRef = 17F4BF51297BF10D005518A0 /* Date+Utils.swift */; };
		17F4BF54297BF282005518A0 /* AccountSumaryViewController+Networking.swift in Sources */ = {isa = PBXBuildFile; fileRef = 17F4BF53297BF282005518A0 /* AccountSumaryViewController+Networking.swift */; };
		17F4BF58297C1BC0005518A0 /* ProfileTests.swift in Sources */ = {isa = PBXBuildFile; fileRef = 17F4BF57297C1BC0005518A0 /* ProfileTests.swift */; };
		17F4BF5A297C2012005518A0 /* AccountTests.swift in Sources */ = {isa = PBXBuildFile; fileRef = 17F4BF59297C2012005518A0 /* AccountTests.swift */; };
		17F91273296DC97C00DD978D /* CurrencyFormatter.swift in Sources */ = {isa = PBXBuildFile; fileRef = 17F91272296DC97C00DD978D /* CurrencyFormatter.swift */; };
		17F91275296DCA0C00DD978D /* Decimal+Utils.swift in Sources */ = {isa = PBXBuildFile; fileRef = 17F91274296DCA0C00DD978D /* Decimal+Utils.swift */; };
		17F91277296E7E6300DD978D /* CurrencyFormatterTests.swift in Sources */ = {isa = PBXBuildFile; fileRef = 17F91276296E7E6300DD978D /* CurrencyFormatterTests.swift */; };
		17F91279296E84F500DD978D /* LoginViewControllerTests.swift in Sources */ = {isa = PBXBuildFile; fileRef = 17F91278296E84F500DD978D /* LoginViewControllerTests.swift */; };
		17F9127B2973DB1400DD978D /* NSNotificationName.swift in Sources */ = {isa = PBXBuildFile; fileRef = 17F9127A2973DB1400DD978D /* NSNotificationName.swift */; };
		17F9127D2973E14500DD978D /* UiTextField+SecureToggle.swift in Sources */ = {isa = PBXBuildFile; fileRef = 17F9127C2973E14500DD978D /* UiTextField+SecureToggle.swift */; };
/* End PBXBuildFile section */

/* Begin PBXContainerItemProxy section */
		17C7FEE228CCC4C300BBA954 /* PBXContainerItemProxy */ = {
			isa = PBXContainerItemProxy;
			containerPortal = 17A4BAE328A3F5B500A66016 /* Project object */;
			proxyType = 1;
			remoteGlobalIDString = 17A4BAEA28A3F5B500A66016;
			remoteInfo = Bankey;
		};
/* End PBXContainerItemProxy section */

/* Begin PBXFileReference section */
		17271907297851C50042ADBA /* ShakeyBellView.swift */ = {isa = PBXFileReference; lastKnownFileType = sourcecode.swift; path = ShakeyBellView.swift; sourceTree = "<group>"; };
		177FC1B328B77313008EB347 /* AccountSummaryCell.swift */ = {isa = PBXFileReference; lastKnownFileType = sourcecode.swift; path = AccountSummaryCell.swift; sourceTree = "<group>"; };
		17943C6828B50F8A009256E7 /* UIViewController+Utils.swift */ = {isa = PBXFileReference; lastKnownFileType = sourcecode.swift; path = "UIViewController+Utils.swift"; sourceTree = "<group>"; };
		17943C6A28B5115D009256E7 /* MainViewController.swift */ = {isa = PBXFileReference; lastKnownFileType = sourcecode.swift; path = MainViewController.swift; sourceTree = "<group>"; };
		17943C6D28B526FC009256E7 /* AccountSummaryViewController.swift */ = {isa = PBXFileReference; lastKnownFileType = sourcecode.swift; path = AccountSummaryViewController.swift; sourceTree = "<group>"; };
		17943C6F28B52A31009256E7 /* AccountSummaryHeaderView.swift */ = {isa = PBXFileReference; lastKnownFileType = sourcecode.swift; path = AccountSummaryHeaderView.swift; sourceTree = "<group>"; };
		17943C7128B52A93009256E7 /* AccountSummaryHeaderView.xib */ = {isa = PBXFileReference; lastKnownFileType = file.xib; path = AccountSummaryHeaderView.xib; sourceTree = "<group>"; };
		17A4BAEB28A3F5B500A66016 /* Bankey.app */ = {isa = PBXFileReference; explicitFileType = wrapper.application; includeInIndex = 0; path = Bankey.app; sourceTree = BUILT_PRODUCTS_DIR; };
		17A4BAEE28A3F5B500A66016 /* AppDelegate.swift */ = {isa = PBXFileReference; lastKnownFileType = sourcecode.swift; path = AppDelegate.swift; sourceTree = "<group>"; };
		17A4BAF228A3F5B500A66016 /* LoginViewController.swift */ = {isa = PBXFileReference; lastKnownFileType = sourcecode.swift; path = LoginViewController.swift; sourceTree = "<group>"; };
		17A4BAF728A3F5B900A66016 /* Assets.xcassets */ = {isa = PBXFileReference; lastKnownFileType = folder.assetcatalog; path = Assets.xcassets; sourceTree = "<group>"; };
		17A4BAFA28A3F5B900A66016 /* Base */ = {isa = PBXFileReference; lastKnownFileType = file.storyboard; name = Base; path = Base.lproj/LaunchScreen.storyboard; sourceTree = "<group>"; };
		17A4BAFC28A3F5B900A66016 /* Info.plist */ = {isa = PBXFileReference; lastKnownFileType = text.plist.xml; path = Info.plist; sourceTree = "<group>"; };
		17A4BB0428A4078D00A66016 /* LoginView.swift */ = {isa = PBXFileReference; lastKnownFileType = sourcecode.swift; path = LoginView.swift; sourceTree = "<group>"; };
		17C7FEDE28CCC4C300BBA954 /* BankeyUnitTests.xctest */ = {isa = PBXFileReference; explicitFileType = wrapper.cfbundle; includeInIndex = 0; path = BankeyUnitTests.xctest; sourceTree = BUILT_PRODUCTS_DIR; };
		17DA297328B2426300B40434 /* OnboardingContainerViewController.swift */ = {isa = PBXFileReference; lastKnownFileType = sourcecode.swift; path = OnboardingContainerViewController.swift; sourceTree = "<group>"; };
		17DA297528B25C5200B40434 /* OnboardingViewController.swift */ = {isa = PBXFileReference; lastKnownFileType = sourcecode.swift; path = OnboardingViewController.swift; sourceTree = "<group>"; };
		17DA297728B2822500B40434 /* DummyViewController.swift */ = {isa = PBXFileReference; lastKnownFileType = sourcecode.swift; path = DummyViewController.swift; sourceTree = "<group>"; };
		17DA297A28B28A6B00B40434 /* LocalState.swift */ = {isa = PBXFileReference; lastKnownFileType = sourcecode.swift; path = LocalState.swift; sourceTree = "<group>"; };
		17F4BF51297BF10D005518A0 /* Date+Utils.swift */ = {isa = PBXFileReference; lastKnownFileType = sourcecode.swift; path = "Date+Utils.swift"; sourceTree = "<group>"; };
		17F4BF53297BF282005518A0 /* AccountSumaryViewController+Networking.swift */ = {isa = PBXFileReference; lastKnownFileType = sourcecode.swift; path = "AccountSumaryViewController+Networking.swift"; sourceTree = "<group>"; };
		17F4BF57297C1BC0005518A0 /* ProfileTests.swift */ = {isa = PBXFileReference; lastKnownFileType = sourcecode.swift; path = ProfileTests.swift; sourceTree = "<group>"; };
		17F4BF59297C2012005518A0 /* AccountTests.swift */ = {isa = PBXFileReference; lastKnownFileType = sourcecode.swift; path = AccountTests.swift; sourceTree = "<group>"; };
		17F91272296DC97C00DD978D /* CurrencyFormatter.swift */ = {isa = PBXFileReference; lastKnownFileType = sourcecode.swift; path = CurrencyFormatter.swift; sourceTree = "<group>"; };
		17F91274296DCA0C00DD978D /* Decimal+Utils.swift */ = {isa = PBXFileReference; lastKnownFileType = sourcecode.swift; path = "Decimal+Utils.swift"; sourceTree = "<group>"; };
		17F91276296E7E6300DD978D /* CurrencyFormatterTests.swift */ = {isa = PBXFileReference; lastKnownFileType = sourcecode.swift; path = CurrencyFormatterTests.swift; sourceTree = "<group>"; };
		17F91278296E84F500DD978D /* LoginViewControllerTests.swift */ = {isa = PBXFileReference; lastKnownFileType = sourcecode.swift; path = LoginViewControllerTests.swift; sourceTree = "<group>"; };
		17F9127A2973DB1400DD978D /* NSNotificationName.swift */ = {isa = PBXFileReference; lastKnownFileType = sourcecode.swift; path = NSNotificationName.swift; sourceTree = "<group>"; };
		17F9127C2973E14500DD978D /* UiTextField+SecureToggle.swift */ = {isa = PBXFileReference; lastKnownFileType = sourcecode.swift; path = "UiTextField+SecureToggle.swift"; sourceTree = "<group>"; };
/* End PBXFileReference section */

/* Begin PBXFrameworksBuildPhase section */
		17A4BAE828A3F5B500A66016 /* Frameworks */ = {
			isa = PBXFrameworksBuildPhase;
			buildActionMask = 2147483647;
			files = (
			);
			runOnlyForDeploymentPostprocessing = 0;
		};
		17C7FEDB28CCC4C300BBA954 /* Frameworks */ = {
			isa = PBXFrameworksBuildPhase;
			buildActionMask = 2147483647;
			files = (
			);
			runOnlyForDeploymentPostprocessing = 0;
		};
/* End PBXFrameworksBuildPhase section */

/* Begin PBXGroup section */
		172719062978519B0042ADBA /* Components */ = {
			isa = PBXGroup;
			children = (
				17271907297851C50042ADBA /* ShakeyBellView.swift */,
			);
			path = Components;
			sourceTree = "<group>";
		};
		177FC1B128B772CF008EB347 /* Header */ = {
			isa = PBXGroup;
			children = (
				17943C6F28B52A31009256E7 /* AccountSummaryHeaderView.swift */,
				17943C7128B52A93009256E7 /* AccountSummaryHeaderView.xib */,
			);
			path = Header;
			sourceTree = "<group>";
		};
		177FC1B228B772E9008EB347 /* Cells */ = {
			isa = PBXGroup;
			children = (
				177FC1B328B77313008EB347 /* AccountSummaryCell.swift */,
			);
			path = Cells;
			sourceTree = "<group>";
		};
		17943C6C28B526D1009256E7 /* AccountSummary */ = {
			isa = PBXGroup;
			children = (
				17943C6D28B526FC009256E7 /* AccountSummaryViewController.swift */,
				17F4BF53297BF282005518A0 /* AccountSumaryViewController+Networking.swift */,
				177FC1B128B772CF008EB347 /* Header */,
				177FC1B228B772E9008EB347 /* Cells */,
			);
			path = AccountSummary;
			sourceTree = "<group>";
		};
		17A4BAE228A3F5B500A66016 = {
			isa = PBXGroup;
			children = (
				17A4BAED28A3F5B500A66016 /* Bankey */,
				17C7FEDF28CCC4C300BBA954 /* BankeyUnitTests */,
				17A4BAEC28A3F5B500A66016 /* Products */,
			);
			sourceTree = "<group>";
		};
		17A4BAEC28A3F5B500A66016 /* Products */ = {
			isa = PBXGroup;
			children = (
				17A4BAEB28A3F5B500A66016 /* Bankey.app */,
				17C7FEDE28CCC4C300BBA954 /* BankeyUnitTests.xctest */,
			);
			name = Products;
			sourceTree = "<group>";
		};
		17A4BAED28A3F5B500A66016 /* Bankey */ = {
			isa = PBXGroup;
			children = (
				17A4BAEE28A3F5B500A66016 /* AppDelegate.swift */,
				17943C6A28B5115D009256E7 /* MainViewController.swift */,
				17A4BB0328A4074C00A66016 /* Login */,
				17DA297228B2422400B40434 /* Onboarding */,
				17943C6C28B526D1009256E7 /* AccountSummary */,
				17DA297928B28A5900B40434 /* Utils */,
				172719062978519B0042ADBA /* Components */,
				17A4BB0228A4070400A66016 /* Files */,
			);
			path = Bankey;
			sourceTree = "<group>";
		};
		17A4BB0228A4070400A66016 /* Files */ = {
			isa = PBXGroup;
			children = (
				17A4BAF728A3F5B900A66016 /* Assets.xcassets */,
				17A4BAF928A3F5B900A66016 /* LaunchScreen.storyboard */,
				17A4BAFC28A3F5B900A66016 /* Info.plist */,
			);
			name = Files;
			sourceTree = "<group>";
		};
		17A4BB0328A4074C00A66016 /* Login */ = {
			isa = PBXGroup;
			children = (
				17A4BAF228A3F5B500A66016 /* LoginViewController.swift */,
				17A4BB0428A4078D00A66016 /* LoginView.swift */,
				17DA297728B2822500B40434 /* DummyViewController.swift */,
			);
			path = Login;
			sourceTree = "<group>";
		};
		17C7FEDF28CCC4C300BBA954 /* BankeyUnitTests */ = {
			isa = PBXGroup;
			children = (
				17F4BF55297C1B99005518A0 /* Utils */,
				17F91278296E84F500DD978D /* LoginViewControllerTests.swift */,
			);
			path = BankeyUnitTests;
			sourceTree = "<group>";
		};
		17DA297228B2422400B40434 /* Onboarding */ = {
			isa = PBXGroup;
			children = (
				17DA297328B2426300B40434 /* OnboardingContainerViewController.swift */,
				17DA297528B25C5200B40434 /* OnboardingViewController.swift */,
			);
			path = Onboarding;
			sourceTree = "<group>";
		};
		17DA297928B28A5900B40434 /* Utils */ = {
			isa = PBXGroup;
			children = (
				17943C6828B50F8A009256E7 /* UIViewController+Utils.swift */,
				17F91274296DCA0C00DD978D /* Decimal+Utils.swift */,
				17F9127C2973E14500DD978D /* UiTextField+SecureToggle.swift */,
				17DA297A28B28A6B00B40434 /* LocalState.swift */,
				17F91272296DC97C00DD978D /* CurrencyFormatter.swift */,
				17F9127A2973DB1400DD978D /* NSNotificationName.swift */,
				17F4BF51297BF10D005518A0 /* Date+Utils.swift */,
			);
			path = Utils;
			sourceTree = "<group>";
		};
		17F4BF55297C1B99005518A0 /* Utils */ = {
			isa = PBXGroup;
			children = (
				17F4BF56297C1BA6005518A0 /* AccountSummary */,
				17F91276296E7E6300DD978D /* CurrencyFormatterTests.swift */,
			);
			path = Utils;
			sourceTree = "<group>";
		};
		17F4BF56297C1BA6005518A0 /* AccountSummary */ = {
			isa = PBXGroup;
			children = (
				17F4BF57297C1BC0005518A0 /* ProfileTests.swift */,
				17F4BF59297C2012005518A0 /* AccountTests.swift */,
			);
			path = AccountSummary;
			sourceTree = "<group>";
		};
/* End PBXGroup section */

/* Begin PBXNativeTarget section */
		17A4BAEA28A3F5B500A66016 /* Bankey */ = {
			isa = PBXNativeTarget;
			buildConfigurationList = 17A4BAFF28A3F5B900A66016 /* Build configuration list for PBXNativeTarget "Bankey" */;
			buildPhases = (
				17A4BAE728A3F5B500A66016 /* Sources */,
				17A4BAE828A3F5B500A66016 /* Frameworks */,
				17A4BAE928A3F5B500A66016 /* Resources */,
			);
			buildRules = (
			);
			dependencies = (
			);
			name = Bankey;
			productName = Bankey;
			productReference = 17A4BAEB28A3F5B500A66016 /* Bankey.app */;
			productType = "com.apple.product-type.application";
		};
		17C7FEDD28CCC4C300BBA954 /* BankeyUnitTests */ = {
			isa = PBXNativeTarget;
			buildConfigurationList = 17C7FEE628CCC4C300BBA954 /* Build configuration list for PBXNativeTarget "BankeyUnitTests" */;
			buildPhases = (
				17C7FEDA28CCC4C300BBA954 /* Sources */,
				17C7FEDB28CCC4C300BBA954 /* Frameworks */,
				17C7FEDC28CCC4C300BBA954 /* Resources */,
			);
			buildRules = (
			);
			dependencies = (
				17C7FEE328CCC4C300BBA954 /* PBXTargetDependency */,
			);
			name = BankeyUnitTests;
			productName = BankeyUnitTests;
			productReference = 17C7FEDE28CCC4C300BBA954 /* BankeyUnitTests.xctest */;
			productType = "com.apple.product-type.bundle.unit-test";
		};
/* End PBXNativeTarget section */

/* Begin PBXProject section */
		17A4BAE328A3F5B500A66016 /* Project object */ = {
			isa = PBXProject;
			attributes = {
				BuildIndependentTargetsInParallel = 1;
				LastSwiftUpdateCheck = 1340;
				LastUpgradeCheck = 1340;
				TargetAttributes = {
					17A4BAEA28A3F5B500A66016 = {
						CreatedOnToolsVersion = 13.4;
					};
					17C7FEDD28CCC4C300BBA954 = {
						CreatedOnToolsVersion = 13.4;
						LastSwiftMigration = 1340;
						TestTargetID = 17A4BAEA28A3F5B500A66016;
					};
				};
			};
			buildConfigurationList = 17A4BAE628A3F5B500A66016 /* Build configuration list for PBXProject "Bankey" */;
			compatibilityVersion = "Xcode 13.0";
			developmentRegion = en;
			hasScannedForEncodings = 0;
			knownRegions = (
				en,
				Base,
			);
			mainGroup = 17A4BAE228A3F5B500A66016;
			productRefGroup = 17A4BAEC28A3F5B500A66016 /* Products */;
			projectDirPath = "";
			projectRoot = "";
			targets = (
				17A4BAEA28A3F5B500A66016 /* Bankey */,
				17C7FEDD28CCC4C300BBA954 /* BankeyUnitTests */,
			);
		};
/* End PBXProject section */

/* Begin PBXResourcesBuildPhase section */
		17A4BAE928A3F5B500A66016 /* Resources */ = {
			isa = PBXResourcesBuildPhase;
			buildActionMask = 2147483647;
			files = (
				17A4BAFB28A3F5B900A66016 /* LaunchScreen.storyboard in Resources */,
				17943C7228B52A93009256E7 /* AccountSummaryHeaderView.xib in Resources */,
				17A4BAF828A3F5B900A66016 /* Assets.xcassets in Resources */,
			);
			runOnlyForDeploymentPostprocessing = 0;
		};
		17C7FEDC28CCC4C300BBA954 /* Resources */ = {
			isa = PBXResourcesBuildPhase;
			buildActionMask = 2147483647;
			files = (
			);
			runOnlyForDeploymentPostprocessing = 0;
		};
/* End PBXResourcesBuildPhase section */

/* Begin PBXSourcesBuildPhase section */
		17A4BAE728A3F5B500A66016 /* Sources */ = {
			isa = PBXSourcesBuildPhase;
			buildActionMask = 2147483647;
			files = (
				17943C6928B50F8A009256E7 /* UIViewController+Utils.swift in Sources */,
				17F4BF52297BF10D005518A0 /* Date+Utils.swift in Sources */,
				17A4BB0528A4078D00A66016 /* LoginView.swift in Sources */,
				17DA297B28B28A6B00B40434 /* LocalState.swift in Sources */,
				17943C7028B52A31009256E7 /* AccountSummaryHeaderView.swift in Sources */,
				17F9127D2973E14500DD978D /* UiTextField+SecureToggle.swift in Sources */,
				17DA297828B2822500B40434 /* DummyViewController.swift in Sources */,
				17A4BAF328A3F5B500A66016 /* LoginViewController.swift in Sources */,
				17F91273296DC97C00DD978D /* CurrencyFormatter.swift in Sources */,
				17F9127B2973DB1400DD978D /* NSNotificationName.swift in Sources */,
				17F4BF54297BF282005518A0 /* AccountSumaryViewController+Networking.swift in Sources */,
				17F91275296DCA0C00DD978D /* Decimal+Utils.swift in Sources */,
				17271908297851C50042ADBA /* ShakeyBellView.swift in Sources */,
				177FC1B428B77313008EB347 /* AccountSummaryCell.swift in Sources */,
				17DA297628B25C5200B40434 /* OnboardingViewController.swift in Sources */,
				17943C6B28B5115D009256E7 /* MainViewController.swift in Sources */,
				17943C6E28B526FC009256E7 /* AccountSummaryViewController.swift in Sources */,
				17A4BAEF28A3F5B500A66016 /* AppDelegate.swift in Sources */,
				17DA297428B2426300B40434 /* OnboardingContainerViewController.swift in Sources */,
			);
			runOnlyForDeploymentPostprocessing = 0;
		};
		17C7FEDA28CCC4C300BBA954 /* Sources */ = {
			isa = PBXSourcesBuildPhase;
			buildActionMask = 2147483647;
			files = (
				17F4BF58297C1BC0005518A0 /* ProfileTests.swift in Sources */,
				17F4BF5A297C2012005518A0 /* AccountTests.swift in Sources */,
				17F91279296E84F500DD978D /* LoginViewControllerTests.swift in Sources */,
				17F91277296E7E6300DD978D /* CurrencyFormatterTests.swift in Sources */,
			);
			runOnlyForDeploymentPostprocessing = 0;
		};
/* End PBXSourcesBuildPhase section */

/* Begin PBXTargetDependency section */
		17C7FEE328CCC4C300BBA954 /* PBXTargetDependency */ = {
			isa = PBXTargetDependency;
			target = 17A4BAEA28A3F5B500A66016 /* Bankey */;
			targetProxy = 17C7FEE228CCC4C300BBA954 /* PBXContainerItemProxy */;
		};
/* End PBXTargetDependency section */

/* Begin PBXVariantGroup section */
		17A4BAF928A3F5B900A66016 /* LaunchScreen.storyboard */ = {
			isa = PBXVariantGroup;
			children = (
				17A4BAFA28A3F5B900A66016 /* Base */,
			);
			name = LaunchScreen.storyboard;
			sourceTree = "<group>";
		};
/* End PBXVariantGroup section */

/* Begin XCBuildConfiguration section */
		17A4BAFD28A3F5B900A66016 /* Debug */ = {
			isa = XCBuildConfiguration;
			buildSettings = {
				ALWAYS_SEARCH_USER_PATHS = NO;
				CLANG_ANALYZER_NONNULL = YES;
				CLANG_ANALYZER_NUMBER_OBJECT_CONVERSION = YES_AGGRESSIVE;
				CLANG_CXX_LANGUAGE_STANDARD = "gnu++17";
				CLANG_ENABLE_MODULES = YES;
				CLANG_ENABLE_OBJC_ARC = YES;
				CLANG_ENABLE_OBJC_WEAK = YES;
				CLANG_WARN_BLOCK_CAPTURE_AUTORELEASING = YES;
				CLANG_WARN_BOOL_CONVERSION = YES;
				CLANG_WARN_COMMA = YES;
				CLANG_WARN_CONSTANT_CONVERSION = YES;
				CLANG_WARN_DEPRECATED_OBJC_IMPLEMENTATIONS = YES;
				CLANG_WARN_DIRECT_OBJC_ISA_USAGE = YES_ERROR;
				CLANG_WARN_DOCUMENTATION_COMMENTS = YES;
				CLANG_WARN_EMPTY_BODY = YES;
				CLANG_WARN_ENUM_CONVERSION = YES;
				CLANG_WARN_INFINITE_RECURSION = YES;
				CLANG_WARN_INT_CONVERSION = YES;
				CLANG_WARN_NON_LITERAL_NULL_CONVERSION = YES;
				CLANG_WARN_OBJC_IMPLICIT_RETAIN_SELF = YES;
				CLANG_WARN_OBJC_LITERAL_CONVERSION = YES;
				CLANG_WARN_OBJC_ROOT_CLASS = YES_ERROR;
				CLANG_WARN_QUOTED_INCLUDE_IN_FRAMEWORK_HEADER = YES;
				CLANG_WARN_RANGE_LOOP_ANALYSIS = YES;
				CLANG_WARN_STRICT_PROTOTYPES = YES;
				CLANG_WARN_SUSPICIOUS_MOVE = YES;
				CLANG_WARN_UNGUARDED_AVAILABILITY = YES_AGGRESSIVE;
				CLANG_WARN_UNREACHABLE_CODE = YES;
				CLANG_WARN__DUPLICATE_METHOD_MATCH = YES;
				COPY_PHASE_STRIP = NO;
				DEBUG_INFORMATION_FORMAT = dwarf;
				ENABLE_STRICT_OBJC_MSGSEND = YES;
				ENABLE_TESTABILITY = YES;
				GCC_C_LANGUAGE_STANDARD = gnu11;
				GCC_DYNAMIC_NO_PIC = NO;
				GCC_NO_COMMON_BLOCKS = YES;
				GCC_OPTIMIZATION_LEVEL = 0;
				GCC_PREPROCESSOR_DEFINITIONS = (
					"DEBUG=1",
					"$(inherited)",
				);
				GCC_WARN_64_TO_32_BIT_CONVERSION = YES;
				GCC_WARN_ABOUT_RETURN_TYPE = YES_ERROR;
				GCC_WARN_UNDECLARED_SELECTOR = YES;
				GCC_WARN_UNINITIALIZED_AUTOS = YES_AGGRESSIVE;
				GCC_WARN_UNUSED_FUNCTION = YES;
				GCC_WARN_UNUSED_VARIABLE = YES;
				IPHONEOS_DEPLOYMENT_TARGET = 15.5;
				MTL_ENABLE_DEBUG_INFO = INCLUDE_SOURCE;
				MTL_FAST_MATH = YES;
				ONLY_ACTIVE_ARCH = YES;
				SDKROOT = iphoneos;
				SWIFT_ACTIVE_COMPILATION_CONDITIONS = DEBUG;
				SWIFT_OPTIMIZATION_LEVEL = "-Onone";
			};
			name = Debug;
		};
		17A4BAFE28A3F5B900A66016 /* Release */ = {
			isa = XCBuildConfiguration;
			buildSettings = {
				ALWAYS_SEARCH_USER_PATHS = NO;
				CLANG_ANALYZER_NONNULL = YES;
				CLANG_ANALYZER_NUMBER_OBJECT_CONVERSION = YES_AGGRESSIVE;
				CLANG_CXX_LANGUAGE_STANDARD = "gnu++17";
				CLANG_ENABLE_MODULES = YES;
				CLANG_ENABLE_OBJC_ARC = YES;
				CLANG_ENABLE_OBJC_WEAK = YES;
				CLANG_WARN_BLOCK_CAPTURE_AUTORELEASING = YES;
				CLANG_WARN_BOOL_CONVERSION = YES;
				CLANG_WARN_COMMA = YES;
				CLANG_WARN_CONSTANT_CONVERSION = YES;
				CLANG_WARN_DEPRECATED_OBJC_IMPLEMENTATIONS = YES;
				CLANG_WARN_DIRECT_OBJC_ISA_USAGE = YES_ERROR;
				CLANG_WARN_DOCUMENTATION_COMMENTS = YES;
				CLANG_WARN_EMPTY_BODY = YES;
				CLANG_WARN_ENUM_CONVERSION = YES;
				CLANG_WARN_INFINITE_RECURSION = YES;
				CLANG_WARN_INT_CONVERSION = YES;
				CLANG_WARN_NON_LITERAL_NULL_CONVERSION = YES;
				CLANG_WARN_OBJC_IMPLICIT_RETAIN_SELF = YES;
				CLANG_WARN_OBJC_LITERAL_CONVERSION = YES;
				CLANG_WARN_OBJC_ROOT_CLASS = YES_ERROR;
				CLANG_WARN_QUOTED_INCLUDE_IN_FRAMEWORK_HEADER = YES;
				CLANG_WARN_RANGE_LOOP_ANALYSIS = YES;
				CLANG_WARN_STRICT_PROTOTYPES = YES;
				CLANG_WARN_SUSPICIOUS_MOVE = YES;
				CLANG_WARN_UNGUARDED_AVAILABILITY = YES_AGGRESSIVE;
				CLANG_WARN_UNREACHABLE_CODE = YES;
				CLANG_WARN__DUPLICATE_METHOD_MATCH = YES;
				COPY_PHASE_STRIP = NO;
				DEBUG_INFORMATION_FORMAT = "dwarf-with-dsym";
				ENABLE_NS_ASSERTIONS = NO;
				ENABLE_STRICT_OBJC_MSGSEND = YES;
				GCC_C_LANGUAGE_STANDARD = gnu11;
				GCC_NO_COMMON_BLOCKS = YES;
				GCC_WARN_64_TO_32_BIT_CONVERSION = YES;
				GCC_WARN_ABOUT_RETURN_TYPE = YES_ERROR;
				GCC_WARN_UNDECLARED_SELECTOR = YES;
				GCC_WARN_UNINITIALIZED_AUTOS = YES_AGGRESSIVE;
				GCC_WARN_UNUSED_FUNCTION = YES;
				GCC_WARN_UNUSED_VARIABLE = YES;
				IPHONEOS_DEPLOYMENT_TARGET = 15.5;
				MTL_ENABLE_DEBUG_INFO = NO;
				MTL_FAST_MATH = YES;
				SDKROOT = iphoneos;
				SWIFT_COMPILATION_MODE = wholemodule;
				SWIFT_OPTIMIZATION_LEVEL = "-O";
				VALIDATE_PRODUCT = YES;
			};
			name = Release;
		};
		17A4BB0028A3F5B900A66016 /* Debug */ = {
			isa = XCBuildConfiguration;
			buildSettings = {
				ASSETCATALOG_COMPILER_APPICON_NAME = AppIcon;
				ASSETCATALOG_COMPILER_GLOBAL_ACCENT_COLOR_NAME = AccentColor;
				CODE_SIGN_STYLE = Automatic;
				CURRENT_PROJECT_VERSION = 1;
				DEVELOPMENT_TEAM = X3QT578937;
				GENERATE_INFOPLIST_FILE = YES;
				INFOPLIST_FILE = Bankey/Info.plist;
				INFOPLIST_KEY_UIApplicationSupportsIndirectInputEvents = YES;
				INFOPLIST_KEY_UILaunchStoryboardName = LaunchScreen;
				INFOPLIST_KEY_UISupportedInterfaceOrientations_iPad = "UIInterfaceOrientationPortrait UIInterfaceOrientationPortraitUpsideDown UIInterfaceOrientationLandscapeLeft UIInterfaceOrientationLandscapeRight";
				INFOPLIST_KEY_UISupportedInterfaceOrientations_iPhone = "UIInterfaceOrientationPortrait UIInterfaceOrientationLandscapeLeft UIInterfaceOrientationLandscapeRight";
				LD_RUNPATH_SEARCH_PATHS = (
					"$(inherited)",
					"@executable_path/Frameworks",
				);
				MARKETING_VERSION = 1.0;
				PRODUCT_BUNDLE_IDENTIFIER = com.Bankey;
				PRODUCT_NAME = "$(TARGET_NAME)";
				SWIFT_EMIT_LOC_STRINGS = YES;
				SWIFT_VERSION = 5.0;
				TARGETED_DEVICE_FAMILY = "1,2";
			};
			name = Debug;
		};
		17A4BB0128A3F5B900A66016 /* Release */ = {
			isa = XCBuildConfiguration;
			buildSettings = {
				ASSETCATALOG_COMPILER_APPICON_NAME = AppIcon;
				ASSETCATALOG_COMPILER_GLOBAL_ACCENT_COLOR_NAME = AccentColor;
				CODE_SIGN_STYLE = Automatic;
				CURRENT_PROJECT_VERSION = 1;
				DEVELOPMENT_TEAM = X3QT578937;
				GENERATE_INFOPLIST_FILE = YES;
				INFOPLIST_FILE = Bankey/Info.plist;
				INFOPLIST_KEY_UIApplicationSupportsIndirectInputEvents = YES;
				INFOPLIST_KEY_UILaunchStoryboardName = LaunchScreen;
				INFOPLIST_KEY_UISupportedInterfaceOrientations_iPad = "UIInterfaceOrientationPortrait UIInterfaceOrientationPortraitUpsideDown UIInterfaceOrientationLandscapeLeft UIInterfaceOrientationLandscapeRight";
				INFOPLIST_KEY_UISupportedInterfaceOrientations_iPhone = "UIInterfaceOrientationPortrait UIInterfaceOrientationLandscapeLeft UIInterfaceOrientationLandscapeRight";
				LD_RUNPATH_SEARCH_PATHS = (
					"$(inherited)",
					"@executable_path/Frameworks",
				);
				MARKETING_VERSION = 1.0;
				PRODUCT_BUNDLE_IDENTIFIER = com.Bankey;
				PRODUCT_NAME = "$(TARGET_NAME)";
				SWIFT_EMIT_LOC_STRINGS = YES;
				SWIFT_VERSION = 5.0;
				TARGETED_DEVICE_FAMILY = "1,2";
			};
			name = Release;
		};
		17C7FEE428CCC4C300BBA954 /* Debug */ = {
			isa = XCBuildConfiguration;
			buildSettings = {
				BUNDLE_LOADER = "$(TEST_HOST)";
				CLANG_ENABLE_MODULES = YES;
				CODE_SIGN_STYLE = Automatic;
				CURRENT_PROJECT_VERSION = 1;
				DEVELOPMENT_TEAM = X3QT578937;
				GENERATE_INFOPLIST_FILE = YES;
				LD_RUNPATH_SEARCH_PATHS = (
					"$(inherited)",
					"@executable_path/Frameworks",
					"@loader_path/Frameworks",
				);
				MARKETING_VERSION = 1.0;
				PRODUCT_BUNDLE_IDENTIFIER = com.BankeyUnitTests;
				PRODUCT_NAME = "$(TARGET_NAME)";
				SWIFT_EMIT_LOC_STRINGS = NO;
				SWIFT_OPTIMIZATION_LEVEL = "-Onone";
				SWIFT_VERSION = 5.0;
				TARGETED_DEVICE_FAMILY = "1,2";
				TEST_HOST = "$(BUILT_PRODUCTS_DIR)/Bankey.app/Bankey";
			};
			name = Debug;
		};
		17C7FEE528CCC4C300BBA954 /* Release */ = {
			isa = XCBuildConfiguration;
			buildSettings = {
				BUNDLE_LOADER = "$(TEST_HOST)";
				CLANG_ENABLE_MODULES = YES;
				CODE_SIGN_STYLE = Automatic;
				CURRENT_PROJECT_VERSION = 1;
				DEVELOPMENT_TEAM = X3QT578937;
				GENERATE_INFOPLIST_FILE = YES;
				LD_RUNPATH_SEARCH_PATHS = (
					"$(inherited)",
					"@executable_path/Frameworks",
					"@loader_path/Frameworks",
				);
				MARKETING_VERSION = 1.0;
				PRODUCT_BUNDLE_IDENTIFIER = com.BankeyUnitTests;
				PRODUCT_NAME = "$(TARGET_NAME)";
				SWIFT_EMIT_LOC_STRINGS = NO;
				SWIFT_VERSION = 5.0;
				TARGETED_DEVICE_FAMILY = "1,2";
				TEST_HOST = "$(BUILT_PRODUCTS_DIR)/Bankey.app/Bankey";
			};
			name = Release;
		};
/* End XCBuildConfiguration section */

/* Begin XCConfigurationList section */
		17A4BAE628A3F5B500A66016 /* Build configuration list for PBXProject "Bankey" */ = {
			isa = XCConfigurationList;
			buildConfigurations = (
				17A4BAFD28A3F5B900A66016 /* Debug */,
				17A4BAFE28A3F5B900A66016 /* Release */,
			);
			defaultConfigurationIsVisible = 0;
			defaultConfigurationName = Release;
		};
		17A4BAFF28A3F5B900A66016 /* Build configuration list for PBXNativeTarget "Bankey" */ = {
			isa = XCConfigurationList;
			buildConfigurations = (
				17A4BB0028A3F5B900A66016 /* Debug */,
				17A4BB0128A3F5B900A66016 /* Release */,
			);
			defaultConfigurationIsVisible = 0;
			defaultConfigurationName = Release;
		};
		17C7FEE628CCC4C300BBA954 /* Build configuration list for PBXNativeTarget "BankeyUnitTests" */ = {
			isa = XCConfigurationList;
			buildConfigurations = (
				17C7FEE428CCC4C300BBA954 /* Debug */,
				17C7FEE528CCC4C300BBA954 /* Release */,
			);
			defaultConfigurationIsVisible = 0;
			defaultConfigurationName = Release;
		};
/* End XCConfigurationList section */
	};
	rootObject = 17A4BAE328A3F5B500A66016 /* Project object */;
}
